
Microsoft Visual Studio Solution File, Format Version 12.00
# Visual Studio Version 17
VisualStudioVersion = 17.13.35825.156 d17.13
MinimumVisualStudioVersion = 10.0.40219.1
Project("{FAE04EC0-301F-11D3-BF4B-00C04F79EFBC}") = "Opdr 2", "Opdr 2.csproj", "{3FA50D95-B2CF-32E7-4E87-B674CBFA608A}"
EndProject
Global
	GlobalSection(SolutionConfigurationPlatforms) = preSolution
		Debug|Any CPU = Debug|Any CPU
		Release|Any CPU = Release|Any CPU
	EndGlobalSection
	GlobalSection(ProjectConfigurationPlatforms) = postSolution
		{3FA50D95-B2CF-32E7-4E87-B674CBFA608A}.Debug|Any CPU.ActiveCfg = Debug|Any CPU
		{3FA50D95-B2CF-32E7-4E87-B674CBFA608A}.Debug|Any CPU.Build.0 = Debug|Any CPU
		{3FA50D95-B2CF-32E7-4E87-B674CBFA608A}.Release|Any CPU.ActiveCfg = Release|Any CPU
		{3FA50D95-B2CF-32E7-4E87-B674CBFA608A}.Release|Any CPU.Build.0 = Release|Any CPU
	EndGlobalSection
	GlobalSection(SolutionProperties) = preSolution
		HideSolutionNode = FALSE
	EndGlobalSection
	GlobalSection(ExtensibilityGlobals) = postSolution
		SolutionGuid = {7A7C2E21-81F8-4B5E-A171-445AFBF49601}
	EndGlobalSection
EndGlobal
